// !$*UTF8*$!
{
	archiveVersion = 1;
	classes = {
	};
	objectVersion = 56;
	objects = {

/* Begin PBXBuildFile section */
		0B21155629EAA2DC00BB06CF /* BookSegment.swift in Sources */ = {isa = PBXBuildFile; fileRef = 0B21155529EAA2DC00BB06CF /* BookSegment.swift */; };
		0B21155829EAAA9500BB06CF /* Book.swift in Sources */ = {isa = PBXBuildFile; fileRef = 0B21155729EAAA9500BB06CF /* Book.swift */; };
		0B21155A29EAD83400BB06CF /* Mocks.swift in Sources */ = {isa = PBXBuildFile; fileRef = 0B21155929EAD83400BB06CF /* Mocks.swift */; };
		0B3D53442A066B220033B692 /* BooksProvider.swift in Sources */ = {isa = PBXBuildFile; fileRef = 0B3D53432A066B220033B692 /* BooksProvider.swift */; };
		0B3D53462A066D240033B692 /* BookEntityConverter.swift in Sources */ = {isa = PBXBuildFile; fileRef = 0B3D53452A066D240033B692 /* BookEntityConverter.swift */; };
		0B3D534A2A0674FB0033B692 /* BooksTestProvider.swift in Sources */ = {isa = PBXBuildFile; fileRef = 0B3D53492A0674FB0033B692 /* BooksTestProvider.swift */; };
		0B47036029F82A000010A018 /* LibraryTests.swift in Sources */ = {isa = PBXBuildFile; fileRef = 0B47035F29F82A000010A018 /* LibraryTests.swift */; };
		0B47036229F8612E0010A018 /* BookTests.swift in Sources */ = {isa = PBXBuildFile; fileRef = 0B47036129F8612E0010A018 /* BookTests.swift */; };
		0B47036429F865390010A018 /* BookDetailsTests.swift in Sources */ = {isa = PBXBuildFile; fileRef = 0B47036329F865390010A018 /* BookDetailsTests.swift */; };
		0B769E2429A779BE00B261CC /* LibraryManagerApp.swift in Sources */ = {isa = PBXBuildFile; fileRef = 0B769E2329A779BE00B261CC /* LibraryManagerApp.swift */; };
		0B769E2829A779BE00B261CC /* Assets.xcassets in Resources */ = {isa = PBXBuildFile; fileRef = 0B769E2729A779BE00B261CC /* Assets.xcassets */; };
		0B99FE3D2A05206B0022E16C /* Library.xcdatamodeld in Sources */ = {isa = PBXBuildFile; fileRef = 0B99FE3B2A05206B0022E16C /* Library.xcdatamodeld */; };
		0B99FE3F2A0522020022E16C /* BooksClient.swift in Sources */ = {isa = PBXBuildFile; fileRef = 0B99FE3E2A0522020022E16C /* BooksClient.swift */; };
		0B99FE412A0523080022E16C /* BooksCoreDataProvider.swift in Sources */ = {isa = PBXBuildFile; fileRef = 0B99FE402A0523080022E16C /* BooksCoreDataProvider.swift */; };
		0B9D3ED029F665D00046107E /* CheckBoxToggleStyle.swift in Sources */ = {isa = PBXBuildFile; fileRef = 0B9D3ECF29F665D00046107E /* CheckBoxToggleStyle.swift */; };
		0BE2ADB629E9AA3500DD2A73 /* ComposableArchitecture in Frameworks */ = {isa = PBXBuildFile; productRef = 0BE2ADB529E9AA3500DD2A73 /* ComposableArchitecture */; };
		0BE2ADB829E9AFFA00DD2A73 /* AppView.swift in Sources */ = {isa = PBXBuildFile; fileRef = 0BE2ADB729E9AFFA00DD2A73 /* AppView.swift */; };
		0BF248DF29F044ED00DC92D6 /* BookDetailsView.swift in Sources */ = {isa = PBXBuildFile; fileRef = 0BF248DE29F044ED00DC92D6 /* BookDetailsView.swift */; };
/* End PBXBuildFile section */

/* Begin PBXContainerItemProxy section */
		0B6BD00929F825F00084BAA6 /* PBXContainerItemProxy */ = {
			isa = PBXContainerItemProxy;
			containerPortal = 0B769E1829A779BE00B261CC /* Project object */;
			proxyType = 1;
			remoteGlobalIDString = 0B769E1F29A779BE00B261CC;
			remoteInfo = LibraryManager;
		};
/* End PBXContainerItemProxy section */

/* Begin PBXFileReference section */
		0B21155529EAA2DC00BB06CF /* BookSegment.swift */ = {isa = PBXFileReference; lastKnownFileType = sourcecode.swift; path = BookSegment.swift; sourceTree = "<group>"; };
		0B21155729EAAA9500BB06CF /* Book.swift */ = {isa = PBXFileReference; lastKnownFileType = sourcecode.swift; path = Book.swift; sourceTree = "<group>"; };
		0B21155929EAD83400BB06CF /* Mocks.swift */ = {isa = PBXFileReference; lastKnownFileType = sourcecode.swift; path = Mocks.swift; sourceTree = "<group>"; };
		0B3D53432A066B220033B692 /* BooksProvider.swift */ = {isa = PBXFileReference; lastKnownFileType = sourcecode.swift; path = BooksProvider.swift; sourceTree = "<group>"; };
		0B3D53452A066D240033B692 /* BookEntityConverter.swift */ = {isa = PBXFileReference; lastKnownFileType = sourcecode.swift; path = BookEntityConverter.swift; sourceTree = "<group>"; };
		0B3D53492A0674FB0033B692 /* BooksTestProvider.swift */ = {isa = PBXFileReference; lastKnownFileType = sourcecode.swift; path = BooksTestProvider.swift; sourceTree = "<group>"; };
		0B47035F29F82A000010A018 /* LibraryTests.swift */ = {isa = PBXFileReference; lastKnownFileType = sourcecode.swift; path = LibraryTests.swift; sourceTree = "<group>"; };
		0B47036129F8612E0010A018 /* BookTests.swift */ = {isa = PBXFileReference; lastKnownFileType = sourcecode.swift; path = BookTests.swift; sourceTree = "<group>"; };
		0B47036329F865390010A018 /* BookDetailsTests.swift */ = {isa = PBXFileReference; lastKnownFileType = sourcecode.swift; path = BookDetailsTests.swift; sourceTree = "<group>"; };
		0B6BD00529F825F00084BAA6 /* LibraryManagerTests.xctest */ = {isa = PBXFileReference; explicitFileType = wrapper.cfbundle; includeInIndex = 0; path = LibraryManagerTests.xctest; sourceTree = BUILT_PRODUCTS_DIR; };
		0B769E2029A779BE00B261CC /* LibraryManager.app */ = {isa = PBXFileReference; explicitFileType = wrapper.application; includeInIndex = 0; path = LibraryManager.app; sourceTree = BUILT_PRODUCTS_DIR; };
		0B769E2329A779BE00B261CC /* LibraryManagerApp.swift */ = {isa = PBXFileReference; lastKnownFileType = sourcecode.swift; path = LibraryManagerApp.swift; sourceTree = "<group>"; };
		0B769E2729A779BE00B261CC /* Assets.xcassets */ = {isa = PBXFileReference; lastKnownFileType = folder.assetcatalog; path = Assets.xcassets; sourceTree = "<group>"; };
		0B99FE3C2A05206B0022E16C /* Library.xcdatamodel */ = {isa = PBXFileReference; lastKnownFileType = wrapper.xcdatamodel; path = Library.xcdatamodel; sourceTree = "<group>"; };
		0B99FE3E2A0522020022E16C /* BooksClient.swift */ = {isa = PBXFileReference; lastKnownFileType = sourcecode.swift; path = BooksClient.swift; sourceTree = "<group>"; };
		0B99FE402A0523080022E16C /* BooksCoreDataProvider.swift */ = {isa = PBXFileReference; lastKnownFileType = sourcecode.swift; path = BooksCoreDataProvider.swift; sourceTree = "<group>"; };
		0B9D3ECF29F665D00046107E /* CheckBoxToggleStyle.swift */ = {isa = PBXFileReference; lastKnownFileType = sourcecode.swift; path = CheckBoxToggleStyle.swift; sourceTree = "<group>"; };
		0BE2ADB729E9AFFA00DD2A73 /* AppView.swift */ = {isa = PBXFileReference; lastKnownFileType = sourcecode.swift; path = AppView.swift; sourceTree = "<group>"; };
		0BF248DE29F044ED00DC92D6 /* BookDetailsView.swift */ = {isa = PBXFileReference; lastKnownFileType = sourcecode.swift; path = BookDetailsView.swift; sourceTree = "<group>"; };
/* End PBXFileReference section */

/* Begin PBXFrameworksBuildPhase section */
		0B6BD00229F825F00084BAA6 /* Frameworks */ = {
			isa = PBXFrameworksBuildPhase;
			buildActionMask = 2147483647;
			files = (
			);
			runOnlyForDeploymentPostprocessing = 0;
		};
		0B769E1D29A779BE00B261CC /* Frameworks */ = {
			isa = PBXFrameworksBuildPhase;
			buildActionMask = 2147483647;
			files = (
				0BE2ADB629E9AA3500DD2A73 /* ComposableArchitecture in Frameworks */,
			);
			runOnlyForDeploymentPostprocessing = 0;
		};
/* End PBXFrameworksBuildPhase section */

/* Begin PBXGroup section */
		0B6BD00629F825F00084BAA6 /* LibraryManagerTests */ = {
			isa = PBXGroup;
			children = (
				0B47035F29F82A000010A018 /* LibraryTests.swift */,
				0B47036129F8612E0010A018 /* BookTests.swift */,
				0B47036329F865390010A018 /* BookDetailsTests.swift */,
			);
			path = LibraryManagerTests;
			sourceTree = "<group>";
		};
		0B769E1729A779BE00B261CC = {
			isa = PBXGroup;
			children = (
				0B769E2229A779BE00B261CC /* LibraryManager */,
				0B6BD00629F825F00084BAA6 /* LibraryManagerTests */,
				0B769E2129A779BE00B261CC /* Products */,
			);
			sourceTree = "<group>";
		};
		0B769E2129A779BE00B261CC /* Products */ = {
			isa = PBXGroup;
			children = (
				0B769E2029A779BE00B261CC /* LibraryManager.app */,
				0B6BD00529F825F00084BAA6 /* LibraryManagerTests.xctest */,
			);
			name = Products;
			sourceTree = "<group>";
		};
		0B769E2229A779BE00B261CC /* LibraryManager */ = {
			isa = PBXGroup;
			children = (
				0B769E2329A779BE00B261CC /* LibraryManagerApp.swift */,
				0BF248DB29F0421800DC92D6 /* Scenes */,
				0BF248DC29F0422E00DC92D6 /* Views */,
				0B99FE372A05200E0022E16C /* DataManager */,
				0B99FE422A0524000022E16C /* DependencyKeys */,
				0BF248DD29F0425C00DC92D6 /* Helpers */,
				0B769E2729A779BE00B261CC /* Assets.xcassets */,
			);
			path = LibraryManager;
			sourceTree = "<group>";
		};
		0B99FE372A05200E0022E16C /* DataManager */ = {
			isa = PBXGroup;
			children = (
				0B99FE3B2A05206B0022E16C /* Library.xcdatamodeld */,
				0B99FE402A0523080022E16C /* BooksCoreDataProvider.swift */,
				0B3D53432A066B220033B692 /* BooksProvider.swift */,
				0B3D53492A0674FB0033B692 /* BooksTestProvider.swift */,
			);
			path = DataManager;
			sourceTree = "<group>";
		};
		0B99FE422A0524000022E16C /* DependencyKeys */ = {
			isa = PBXGroup;
			children = (
				0B99FE3E2A0522020022E16C /* BooksClient.swift */,
			);
			path = DependencyKeys;
			sourceTree = "<group>";
		};
		0BF248DB29F0421800DC92D6 /* Scenes */ = {
			isa = PBXGroup;
			children = (
				0BE2ADB729E9AFFA00DD2A73 /* AppView.swift */,
				0BF248DE29F044ED00DC92D6 /* BookDetailsView.swift */,
			);
			path = Scenes;
			sourceTree = "<group>";
		};
		0BF248DC29F0422E00DC92D6 /* Views */ = {
			isa = PBXGroup;
			children = (
				0B21155729EAAA9500BB06CF /* Book.swift */,
			);
			path = Views;
			sourceTree = "<group>";
		};
		0BF248DD29F0425C00DC92D6 /* Helpers */ = {
			isa = PBXGroup;
			children = (
				0B21155529EAA2DC00BB06CF /* BookSegment.swift */,
				0B21155929EAD83400BB06CF /* Mocks.swift */,
				0B9D3ECF29F665D00046107E /* CheckBoxToggleStyle.swift */,
				0B3D53452A066D240033B692 /* BookEntityConverter.swift */,
			);
			path = Helpers;
			sourceTree = "<group>";
		};
/* End PBXGroup section */

/* Begin PBXNativeTarget section */
		0B6BD00429F825F00084BAA6 /* LibraryManagerTests */ = {
			isa = PBXNativeTarget;
			buildConfigurationList = 0B6BD00B29F825F10084BAA6 /* Build configuration list for PBXNativeTarget "LibraryManagerTests" */;
			buildPhases = (
				0B6BD00129F825F00084BAA6 /* Sources */,
				0B6BD00229F825F00084BAA6 /* Frameworks */,
				0B6BD00329F825F00084BAA6 /* Resources */,
			);
			buildRules = (
			);
			dependencies = (
				0B6BD00A29F825F00084BAA6 /* PBXTargetDependency */,
			);
			name = LibraryManagerTests;
			productName = LibraryManagerTests;
			productReference = 0B6BD00529F825F00084BAA6 /* LibraryManagerTests.xctest */;
			productType = "com.apple.product-type.bundle.unit-test";
		};
		0B769E1F29A779BE00B261CC /* LibraryManager */ = {
			isa = PBXNativeTarget;
			buildConfigurationList = 0B769E2E29A779BE00B261CC /* Build configuration list for PBXNativeTarget "LibraryManager" */;
			buildPhases = (
				0B769E1C29A779BE00B261CC /* Sources */,
				0B769E1D29A779BE00B261CC /* Frameworks */,
				0B769E1E29A779BE00B261CC /* Resources */,
			);
			buildRules = (
			);
			dependencies = (
			);
			name = LibraryManager;
			packageProductDependencies = (
				0BE2ADB529E9AA3500DD2A73 /* ComposableArchitecture */,
			);
			productName = LibraryManager;
			productReference = 0B769E2029A779BE00B261CC /* LibraryManager.app */;
			productType = "com.apple.product-type.application";
		};
/* End PBXNativeTarget section */

/* Begin PBXProject section */
		0B769E1829A779BE00B261CC /* Project object */ = {
			isa = PBXProject;
			attributes = {
				BuildIndependentTargetsInParallel = 1;
				LastSwiftUpdateCheck = 1420;
				LastUpgradeCheck = 1420;
				TargetAttributes = {
					0B6BD00429F825F00084BAA6 = {
						CreatedOnToolsVersion = 14.2;
						TestTargetID = 0B769E1F29A779BE00B261CC;
					};
					0B769E1F29A779BE00B261CC = {
						CreatedOnToolsVersion = 14.2;
					};
				};
			};
			buildConfigurationList = 0B769E1B29A779BE00B261CC /* Build configuration list for PBXProject "LibraryManager" */;
			compatibilityVersion = "Xcode 14.0";
			developmentRegion = en;
			hasScannedForEncodings = 0;
			knownRegions = (
				en,
				Base,
			);
			mainGroup = 0B769E1729A779BE00B261CC;
			packageReferences = (
				0BE2ADB429E9AA3500DD2A73 /* XCRemoteSwiftPackageReference "swift-composable-architecture" */,
			);
			productRefGroup = 0B769E2129A779BE00B261CC /* Products */;
			projectDirPath = "";
			projectRoot = "";
			targets = (
				0B769E1F29A779BE00B261CC /* LibraryManager */,
				0B6BD00429F825F00084BAA6 /* LibraryManagerTests */,
			);
		};
/* End PBXProject section */

/* Begin PBXResourcesBuildPhase section */
		0B6BD00329F825F00084BAA6 /* Resources */ = {
			isa = PBXResourcesBuildPhase;
			buildActionMask = 2147483647;
			files = (
			);
			runOnlyForDeploymentPostprocessing = 0;
		};
		0B769E1E29A779BE00B261CC /* Resources */ = {
			isa = PBXResourcesBuildPhase;
			buildActionMask = 2147483647;
			files = (
				0B769E2829A779BE00B261CC /* Assets.xcassets in Resources */,
			);
			runOnlyForDeploymentPostprocessing = 0;
		};
/* End PBXResourcesBuildPhase section */

/* Begin PBXSourcesBuildPhase section */
		0B6BD00129F825F00084BAA6 /* Sources */ = {
			isa = PBXSourcesBuildPhase;
			buildActionMask = 2147483647;
			files = (
				0B47036229F8612E0010A018 /* BookTests.swift in Sources */,
				0B47036429F865390010A018 /* BookDetailsTests.swift in Sources */,
				0B47036029F82A000010A018 /* LibraryTests.swift in Sources */,
			);
			runOnlyForDeploymentPostprocessing = 0;
		};
		0B769E1C29A779BE00B261CC /* Sources */ = {
			isa = PBXSourcesBuildPhase;
			buildActionMask = 2147483647;
			files = (
				0B21155829EAAA9500BB06CF /* Book.swift in Sources */,
				0B3D53442A066B220033B692 /* BooksProvider.swift in Sources */,
				0B99FE3D2A05206B0022E16C /* Library.xcdatamodeld in Sources */,
				0BE2ADB829E9AFFA00DD2A73 /* AppView.swift in Sources */,
				0B3D53462A066D240033B692 /* BookEntityConverter.swift in Sources */,
				0B99FE3F2A0522020022E16C /* BooksClient.swift in Sources */,
				0B769E2429A779BE00B261CC /* LibraryManagerApp.swift in Sources */,
				0B21155629EAA2DC00BB06CF /* BookSegment.swift in Sources */,
				0B9D3ED029F665D00046107E /* CheckBoxToggleStyle.swift in Sources */,
				0BF248DF29F044ED00DC92D6 /* BookDetailsView.swift in Sources */,
				0B3D534A2A0674FB0033B692 /* BooksTestProvider.swift in Sources */,
				0B21155A29EAD83400BB06CF /* Mocks.swift in Sources */,
				0B99FE412A0523080022E16C /* BooksCoreDataProvider.swift in Sources */,
			);
			runOnlyForDeploymentPostprocessing = 0;
		};
/* End PBXSourcesBuildPhase section */

/* Begin PBXTargetDependency section */
		0B6BD00A29F825F00084BAA6 /* PBXTargetDependency */ = {
			isa = PBXTargetDependency;
			target = 0B769E1F29A779BE00B261CC /* LibraryManager */;
			targetProxy = 0B6BD00929F825F00084BAA6 /* PBXContainerItemProxy */;
		};
/* End PBXTargetDependency section */

/* Begin XCBuildConfiguration section */
		0B6BD00C29F825F10084BAA6 /* Debug */ = {
			isa = XCBuildConfiguration;
			buildSettings = {
				BUNDLE_LOADER = "$(TEST_HOST)";
				CODE_SIGN_STYLE = Automatic;
				CURRENT_PROJECT_VERSION = 1;
				DEVELOPMENT_TEAM = B8426X6AW9;
				GENERATE_INFOPLIST_FILE = YES;
				MARKETING_VERSION = 1.0;
				PRODUCT_BUNDLE_IDENTIFIER = com.nattallie.LibraryManagerTests;
				PRODUCT_NAME = "$(TARGET_NAME)";
				SWIFT_EMIT_LOC_STRINGS = NO;
				SWIFT_VERSION = 5.0;
				TARGETED_DEVICE_FAMILY = "1,2";
				TEST_HOST = "$(BUILT_PRODUCTS_DIR)/LibraryManager.app/$(BUNDLE_EXECUTABLE_FOLDER_PATH)/LibraryManager";
			};
			name = Debug;
		};
		0B6BD00D29F825F10084BAA6 /* Release */ = {
			isa = XCBuildConfiguration;
			buildSettings = {
				BUNDLE_LOADER = "$(TEST_HOST)";
				CODE_SIGN_STYLE = Automatic;
				CURRENT_PROJECT_VERSION = 1;
				DEVELOPMENT_TEAM = B8426X6AW9;
				GENERATE_INFOPLIST_FILE = YES;
				MARKETING_VERSION = 1.0;
				PRODUCT_BUNDLE_IDENTIFIER = com.nattallie.LibraryManagerTests;
				PRODUCT_NAME = "$(TARGET_NAME)";
				SWIFT_EMIT_LOC_STRINGS = NO;
				SWIFT_VERSION = 5.0;
				TARGETED_DEVICE_FAMILY = "1,2";
				TEST_HOST = "$(BUILT_PRODUCTS_DIR)/LibraryManager.app/$(BUNDLE_EXECUTABLE_FOLDER_PATH)/LibraryManager";
			};
			name = Release;
		};
		0B769E2C29A779BE00B261CC /* Debug */ = {
			isa = XCBuildConfiguration;
			buildSettings = {
				ALWAYS_SEARCH_USER_PATHS = NO;
				CLANG_ANALYZER_NONNULL = YES;
				CLANG_ANALYZER_NUMBER_OBJECT_CONVERSION = YES_AGGRESSIVE;
				CLANG_CXX_LANGUAGE_STANDARD = "gnu++20";
				CLANG_ENABLE_MODULES = YES;
				CLANG_ENABLE_OBJC_ARC = YES;
				CLANG_ENABLE_OBJC_WEAK = YES;
				CLANG_WARN_BLOCK_CAPTURE_AUTORELEASING = YES;
				CLANG_WARN_BOOL_CONVERSION = YES;
				CLANG_WARN_COMMA = YES;
				CLANG_WARN_CONSTANT_CONVERSION = YES;
				CLANG_WARN_DEPRECATED_OBJC_IMPLEMENTATIONS = YES;
				CLANG_WARN_DIRECT_OBJC_ISA_USAGE = YES_ERROR;
				CLANG_WARN_DOCUMENTATION_COMMENTS = YES;
				CLANG_WARN_EMPTY_BODY = YES;
				CLANG_WARN_ENUM_CONVERSION = YES;
				CLANG_WARN_INFINITE_RECURSION = YES;
				CLANG_WARN_INT_CONVERSION = YES;
				CLANG_WARN_NON_LITERAL_NULL_CONVERSION = YES;
				CLANG_WARN_OBJC_IMPLICIT_RETAIN_SELF = YES;
				CLANG_WARN_OBJC_LITERAL_CONVERSION = YES;
				CLANG_WARN_OBJC_ROOT_CLASS = YES_ERROR;
				CLANG_WARN_QUOTED_INCLUDE_IN_FRAMEWORK_HEADER = YES;
				CLANG_WARN_RANGE_LOOP_ANALYSIS = YES;
				CLANG_WARN_STRICT_PROTOTYPES = YES;
				CLANG_WARN_SUSPICIOUS_MOVE = YES;
				CLANG_WARN_UNGUARDED_AVAILABILITY = YES_AGGRESSIVE;
				CLANG_WARN_UNREACHABLE_CODE = YES;
				CLANG_WARN__DUPLICATE_METHOD_MATCH = YES;
				COPY_PHASE_STRIP = NO;
				DEBUG_INFORMATION_FORMAT = dwarf;
				ENABLE_STRICT_OBJC_MSGSEND = YES;
				ENABLE_TESTABILITY = YES;
				GCC_C_LANGUAGE_STANDARD = gnu11;
				GCC_DYNAMIC_NO_PIC = NO;
				GCC_NO_COMMON_BLOCKS = YES;
				GCC_OPTIMIZATION_LEVEL = 0;
				GCC_PREPROCESSOR_DEFINITIONS = (
					"DEBUG=1",
					"$(inherited)",
				);
				GCC_WARN_64_TO_32_BIT_CONVERSION = YES;
				GCC_WARN_ABOUT_RETURN_TYPE = YES_ERROR;
				GCC_WARN_UNDECLARED_SELECTOR = YES;
				GCC_WARN_UNINITIALIZED_AUTOS = YES_AGGRESSIVE;
				GCC_WARN_UNUSED_FUNCTION = YES;
				GCC_WARN_UNUSED_VARIABLE = YES;
				IPHONEOS_DEPLOYMENT_TARGET = 16.2;
				MTL_ENABLE_DEBUG_INFO = INCLUDE_SOURCE;
				MTL_FAST_MATH = YES;
				ONLY_ACTIVE_ARCH = YES;
				SDKROOT = iphoneos;
				SWIFT_ACTIVE_COMPILATION_CONDITIONS = DEBUG;
				SWIFT_OPTIMIZATION_LEVEL = "-Onone";
			};
			name = Debug;
		};
		0B769E2D29A779BE00B261CC /* Release */ = {
			isa = XCBuildConfiguration;
			buildSettings = {
				ALWAYS_SEARCH_USER_PATHS = NO;
				CLANG_ANALYZER_NONNULL = YES;
				CLANG_ANALYZER_NUMBER_OBJECT_CONVERSION = YES_AGGRESSIVE;
				CLANG_CXX_LANGUAGE_STANDARD = "gnu++20";
				CLANG_ENABLE_MODULES = YES;
				CLANG_ENABLE_OBJC_ARC = YES;
				CLANG_ENABLE_OBJC_WEAK = YES;
				CLANG_WARN_BLOCK_CAPTURE_AUTORELEASING = YES;
				CLANG_WARN_BOOL_CONVERSION = YES;
				CLANG_WARN_COMMA = YES;
				CLANG_WARN_CONSTANT_CONVERSION = YES;
				CLANG_WARN_DEPRECATED_OBJC_IMPLEMENTATIONS = YES;
				CLANG_WARN_DIRECT_OBJC_ISA_USAGE = YES_ERROR;
				CLANG_WARN_DOCUMENTATION_COMMENTS = YES;
				CLANG_WARN_EMPTY_BODY = YES;
				CLANG_WARN_ENUM_CONVERSION = YES;
				CLANG_WARN_INFINITE_RECURSION = YES;
				CLANG_WARN_INT_CONVERSION = YES;
				CLANG_WARN_NON_LITERAL_NULL_CONVERSION = YES;
				CLANG_WARN_OBJC_IMPLICIT_RETAIN_SELF = YES;
				CLANG_WARN_OBJC_LITERAL_CONVERSION = YES;
				CLANG_WARN_OBJC_ROOT_CLASS = YES_ERROR;
				CLANG_WARN_QUOTED_INCLUDE_IN_FRAMEWORK_HEADER = YES;
				CLANG_WARN_RANGE_LOOP_ANALYSIS = YES;
				CLANG_WARN_STRICT_PROTOTYPES = YES;
				CLANG_WARN_SUSPICIOUS_MOVE = YES;
				CLANG_WARN_UNGUARDED_AVAILABILITY = YES_AGGRESSIVE;
				CLANG_WARN_UNREACHABLE_CODE = YES;
				CLANG_WARN__DUPLICATE_METHOD_MATCH = YES;
				COPY_PHASE_STRIP = NO;
				DEBUG_INFORMATION_FORMAT = "dwarf-with-dsym";
				ENABLE_NS_ASSERTIONS = NO;
				ENABLE_STRICT_OBJC_MSGSEND = YES;
				GCC_C_LANGUAGE_STANDARD = gnu11;
				GCC_NO_COMMON_BLOCKS = YES;
				GCC_WARN_64_TO_32_BIT_CONVERSION = YES;
				GCC_WARN_ABOUT_RETURN_TYPE = YES_ERROR;
				GCC_WARN_UNDECLARED_SELECTOR = YES;
				GCC_WARN_UNINITIALIZED_AUTOS = YES_AGGRESSIVE;
				GCC_WARN_UNUSED_FUNCTION = YES;
				GCC_WARN_UNUSED_VARIABLE = YES;
				IPHONEOS_DEPLOYMENT_TARGET = 16.2;
				MTL_ENABLE_DEBUG_INFO = NO;
				MTL_FAST_MATH = YES;
				SDKROOT = iphoneos;
				SWIFT_COMPILATION_MODE = wholemodule;
				SWIFT_OPTIMIZATION_LEVEL = "-O";
				VALIDATE_PRODUCT = YES;
			};
			name = Release;
		};
		0B769E2F29A779BE00B261CC /* Debug */ = {
			isa = XCBuildConfiguration;
			buildSettings = {
				ASSETCATALOG_COMPILER_APPICON_NAME = AppIcon;
				ASSETCATALOG_COMPILER_GLOBAL_ACCENT_COLOR_NAME = AccentColor;
				CODE_SIGN_STYLE = Automatic;
				CURRENT_PROJECT_VERSION = 1;
				DEVELOPMENT_TEAM = B8426X6AW9;
				ENABLE_PREVIEWS = YES;
				GENERATE_INFOPLIST_FILE = YES;
				INFOPLIST_KEY_UIApplicationSceneManifest_Generation = YES;
				INFOPLIST_KEY_UIApplicationSupportsIndirectInputEvents = YES;
				INFOPLIST_KEY_UILaunchScreen_Generation = YES;
				INFOPLIST_KEY_UISupportedInterfaceOrientations_iPad = "UIInterfaceOrientationPortrait UIInterfaceOrientationPortraitUpsideDown UIInterfaceOrientationLandscapeLeft UIInterfaceOrientationLandscapeRight";
				INFOPLIST_KEY_UISupportedInterfaceOrientations_iPhone = "UIInterfaceOrientationPortrait UIInterfaceOrientationLandscapeLeft UIInterfaceOrientationLandscapeRight";
				IPHONEOS_DEPLOYMENT_TARGET = 16.0;
				LD_RUNPATH_SEARCH_PATHS = (
					"$(inherited)",
					"@executable_path/Frameworks",
				);
				MARKETING_VERSION = 1.0;
				PRODUCT_BUNDLE_IDENTIFIER = com.nattallie.LibraryManager;
				PRODUCT_NAME = "$(TARGET_NAME)";
				SWIFT_EMIT_LOC_STRINGS = YES;
				SWIFT_VERSION = 5.0;
				TARGETED_DEVICE_FAMILY = "1,2";
			};
			name = Debug;
		};
		0B769E3029A779BE00B261CC /* Release */ = {
			isa = XCBuildConfiguration;
			buildSettings = {
				ASSETCATALOG_COMPILER_APPICON_NAME = AppIcon;
				ASSETCATALOG_COMPILER_GLOBAL_ACCENT_COLOR_NAME = AccentColor;
				CODE_SIGN_STYLE = Automatic;
				CURRENT_PROJECT_VERSION = 1;
				DEVELOPMENT_TEAM = B8426X6AW9;
				ENABLE_PREVIEWS = YES;
				GENERATE_INFOPLIST_FILE = YES;
				INFOPLIST_KEY_UIApplicationSceneManifest_Generation = YES;
				INFOPLIST_KEY_UIApplicationSupportsIndirectInputEvents = YES;
				INFOPLIST_KEY_UILaunchScreen_Generation = YES;
				INFOPLIST_KEY_UISupportedInterfaceOrientations_iPad = "UIInterfaceOrientationPortrait UIInterfaceOrientationPortraitUpsideDown UIInterfaceOrientationLandscapeLeft UIInterfaceOrientationLandscapeRight";
				INFOPLIST_KEY_UISupportedInterfaceOrientations_iPhone = "UIInterfaceOrientationPortrait UIInterfaceOrientationLandscapeLeft UIInterfaceOrientationLandscapeRight";
				IPHONEOS_DEPLOYMENT_TARGET = 16.0;
				LD_RUNPATH_SEARCH_PATHS = (
					"$(inherited)",
					"@executable_path/Frameworks",
				);
				MARKETING_VERSION = 1.0;
				PRODUCT_BUNDLE_IDENTIFIER = com.nattallie.LibraryManager;
				PRODUCT_NAME = "$(TARGET_NAME)";
				SWIFT_EMIT_LOC_STRINGS = YES;
				SWIFT_VERSION = 5.0;
				TARGETED_DEVICE_FAMILY = "1,2";
			};
			name = Release;
		};
/* End XCBuildConfiguration section */

/* Begin XCConfigurationList section */
		0B6BD00B29F825F10084BAA6 /* Build configuration list for PBXNativeTarget "LibraryManagerTests" */ = {
			isa = XCConfigurationList;
			buildConfigurations = (
				0B6BD00C29F825F10084BAA6 /* Debug */,
				0B6BD00D29F825F10084BAA6 /* Release */,
			);
			defaultConfigurationIsVisible = 0;
			defaultConfigurationName = Release;
		};
		0B769E1B29A779BE00B261CC /* Build configuration list for PBXProject "LibraryManager" */ = {
			isa = XCConfigurationList;
			buildConfigurations = (
				0B769E2C29A779BE00B261CC /* Debug */,
				0B769E2D29A779BE00B261CC /* Release */,
			);
			defaultConfigurationIsVisible = 0;
			defaultConfigurationName = Release;
		};
		0B769E2E29A779BE00B261CC /* Build configuration list for PBXNativeTarget "LibraryManager" */ = {
			isa = XCConfigurationList;
			buildConfigurations = (
				0B769E2F29A779BE00B261CC /* Debug */,
				0B769E3029A779BE00B261CC /* Release */,
			);
			defaultConfigurationIsVisible = 0;
			defaultConfigurationName = Release;
		};
/* End XCConfigurationList section */

/* Begin XCRemoteSwiftPackageReference section */
		0BE2ADB429E9AA3500DD2A73 /* XCRemoteSwiftPackageReference "swift-composable-architecture" */ = {
			isa = XCRemoteSwiftPackageReference;
			repositoryURL = "https://github.com/pointfreeco/swift-composable-architecture";
			requirement = {
				kind = upToNextMajorVersion;
				minimumVersion = 0.9.0;
			};
		};
/* End XCRemoteSwiftPackageReference section */

/* Begin XCSwiftPackageProductDependency section */
		0BE2ADB529E9AA3500DD2A73 /* ComposableArchitecture */ = {
			isa = XCSwiftPackageProductDependency;
			package = 0BE2ADB429E9AA3500DD2A73 /* XCRemoteSwiftPackageReference "swift-composable-architecture" */;
			productName = ComposableArchitecture;
		};
/* End XCSwiftPackageProductDependency section */

/* Begin XCVersionGroup section */
		0B99FE3B2A05206B0022E16C /* Library.xcdatamodeld */ = {
			isa = XCVersionGroup;
			children = (
				0B99FE3C2A05206B0022E16C /* Library.xcdatamodel */,
			);
			currentVersion = 0B99FE3C2A05206B0022E16C /* Library.xcdatamodel */;
			path = Library.xcdatamodeld;
			sourceTree = "<group>";
			versionGroupType = wrapper.xcdatamodel;
		};
/* End XCVersionGroup section */
	};
	rootObject = 0B769E1829A779BE00B261CC /* Project object */;
}
